
Microsoft Visual Studio Solution File, Format Version 11.00
# Visual Studio 2010
Project("{FAE04EC0-301F-11D3-BF4B-00C04F79EFBC}") = "ExcelAddIn_RunningAccount", "ExcelAddIn_RunningAccount\ExcelAddIn_RunningAccount.csproj", "{63EBD634-AFD5-4BFC-8E50-D733BD1DACE3}"
EndProject
Project("{FAE04EC0-301F-11D3-BF4B-00C04F79EFBC}") = "CtpLibrary", "CtpLibrary\CtpLibrary.csproj", "{CE358578-5EC8-4625-A629-DEDF1D1192D7}"
EndProject
Project("{FAE04EC0-301F-11D3-BF4B-00C04F79EFBC}") = "UDF", "UDF\UDF.csproj", "{9B58825C-3E0A-4DF0-BF65-38108B0EB7E7}"
EndProject
Global
	GlobalSection(SolutionConfigurationPlatforms) = preSolution
		Debug|Any CPU = Debug|Any CPU
		Debug|Mixed Platforms = Debug|Mixed Platforms
		Debug|x86 = Debug|x86
		Release|Any CPU = Release|Any CPU
		Release|Mixed Platforms = Release|Mixed Platforms
		Release|x86 = Release|x86
	EndGlobalSection
	GlobalSection(ProjectConfigurationPlatforms) = postSolution
		{63EBD634-AFD5-4BFC-8E50-D733BD1DACE3}.Debug|Any CPU.ActiveCfg = Debug|Any CPU
		{63EBD634-AFD5-4BFC-8E50-D733BD1DACE3}.Debug|Any CPU.Build.0 = Debug|Any CPU
		{63EBD634-AFD5-4BFC-8E50-D733BD1DACE3}.Debug|Mixed Platforms.ActiveCfg = Debug|Any CPU
		{63EBD634-AFD5-4BFC-8E50-D733BD1DACE3}.Debug|Mixed Platforms.Build.0 = Debug|Any CPU
		{63EBD634-AFD5-4BFC-8E50-D733BD1DACE3}.Debug|x86.ActiveCfg = Debug|Any CPU
		{63EBD634-AFD5-4BFC-8E50-D733BD1DACE3}.Release|Any CPU.ActiveCfg = Release|Any CPU
		{63EBD634-AFD5-4BFC-8E50-D733BD1DACE3}.Release|Any CPU.Build.0 = Release|Any CPU
		{63EBD634-AFD5-4BFC-8E50-D733BD1DACE3}.Release|Mixed Platforms.ActiveCfg = Release|Any CPU
		{63EBD634-AFD5-4BFC-8E50-D733BD1DACE3}.Release|Mixed Platforms.Build.0 = Release|Any CPU
		{63EBD634-AFD5-4BFC-8E50-D733BD1DACE3}.Release|x86.ActiveCfg = Release|Any CPU
		{CE358578-5EC8-4625-A629-DEDF1D1192D7}.Debug|Any CPU.ActiveCfg = Debug|Any CPU
		{CE358578-5EC8-4625-A629-DEDF1D1192D7}.Debug|Any CPU.Build.0 = Debug|Any CPU
		{CE358578-5EC8-4625-A629-DEDF1D1192D7}.Debug|Mixed Platforms.ActiveCfg = Debug|Any CPU
		{CE358578-5EC8-4625-A629-DEDF1D1192D7}.Debug|Mixed Platforms.Build.0 = Debug|Any CPU
		{CE358578-5EC8-4625-A629-DEDF1D1192D7}.Debug|x86.ActiveCfg = Debug|Any CPU
		{CE358578-5EC8-4625-A629-DEDF1D1192D7}.Release|Any CPU.ActiveCfg = Release|Any CPU
		{CE358578-5EC8-4625-A629-DEDF1D1192D7}.Release|Any CPU.Build.0 = Release|Any CPU
		{CE358578-5EC8-4625-A629-DEDF1D1192D7}.Release|Mixed Platforms.ActiveCfg = Release|Any CPU
		{CE358578-5EC8-4625-A629-DEDF1D1192D7}.Release|Mixed Platforms.Build.0 = Release|Any CPU
		{CE358578-5EC8-4625-A629-DEDF1D1192D7}.Release|x86.ActiveCfg = Release|Any CPU
		{9B58825C-3E0A-4DF0-BF65-38108B0EB7E7}.Debug|Any CPU.ActiveCfg = Debug|Any CPU
		{9B58825C-3E0A-4DF0-BF65-38108B0EB7E7}.Debug|Any CPU.Build.0 = Debug|Any CPU
		{9B58825C-3E0A-4DF0-BF65-38108B0EB7E7}.Debug|Mixed Platforms.ActiveCfg = Debug|Any CPU
		{9B58825C-3E0A-4DF0-BF65-38108B0EB7E7}.Debug|Mixed Platforms.Build.0 = Debug|Any CPU
		{9B58825C-3E0A-4DF0-BF65-38108B0EB7E7}.Debug|x86.ActiveCfg = Debug|Any CPU
		{9B58825C-3E0A-4DF0-BF65-38108B0EB7E7}.Release|Any CPU.ActiveCfg = Release|Any CPU
		{9B58825C-3E0A-4DF0-BF65-38108B0EB7E7}.Release|Any CPU.Build.0 = Release|Any CPU
		{9B58825C-3E0A-4DF0-BF65-38108B0EB7E7}.Release|Mixed Platforms.ActiveCfg = Release|Any CPU
		{9B58825C-3E0A-4DF0-BF65-38108B0EB7E7}.Release|Mixed Platforms.Build.0 = Release|Any CPU
		{9B58825C-3E0A-4DF0-BF65-38108B0EB7E7}.Release|x86.ActiveCfg = Release|Any CPU
	EndGlobalSection
	GlobalSection(SolutionProperties) = preSolution
		HideSolutionNode = FALSE
	EndGlobalSection
EndGlobal
